
Microsoft Visual Studio Solution File, Format Version 12.00
# Visual Studio Version 16
VisualStudioVersion = 16.0.30011.22
MinimumVisualStudioVersion = 10.0.40219.1
Project("{9A19103F-16F7-4668-BE54-9A1E7A4F7556}") = "SimpleCalculator", "SimpleCalculator\SimpleCalculator.csproj", "{3B519B35-32D0-4946-B4D8-C78DC38A256B}"
EndProject
Project("{FAE04EC0-301F-11D3-BF4B-00C04F79EFBC}") = "SimpleCalculator.Tests", "SimpleCalculator.Tests\SimpleCalculator.Tests.csproj", "{80BA74FC-56E3-4864-A6FC-23B3278D71C2}"
EndProject
Global
	GlobalSection(SolutionConfigurationPlatforms) = preSolution
		Debug|Any CPU = Debug|Any CPU
		Release|Any CPU = Release|Any CPU
	EndGlobalSection
	GlobalSection(ProjectConfigurationPlatforms) = postSolution
		{3B519B35-32D0-4946-B4D8-C78DC38A256B}.Debug|Any CPU.ActiveCfg = Debug|Any CPU
		{3B519B35-32D0-4946-B4D8-C78DC38A256B}.Debug|Any CPU.Build.0 = Debug|Any CPU
		{3B519B35-32D0-4946-B4D8-C78DC38A256B}.Release|Any CPU.ActiveCfg = Release|Any CPU
		{3B519B35-32D0-4946-B4D8-C78DC38A256B}.Release|Any CPU.Build.0 = Release|Any CPU
		{80BA74FC-56E3-4864-A6FC-23B3278D71C2}.Debug|Any CPU.ActiveCfg = Debug|Any CPU
		{80BA74FC-56E3-4864-A6FC-23B3278D71C2}.Debug|Any CPU.Build.0 = Debug|Any CPU
		{80BA74FC-56E3-4864-A6FC-23B3278D71C2}.Release|Any CPU.ActiveCfg = Release|Any CPU
		{80BA74FC-56E3-4864-A6FC-23B3278D71C2}.Release|Any CPU.Build.0 = Release|Any CPU
	EndGlobalSection
	GlobalSection(SolutionProperties) = preSolution
		HideSolutionNode = FALSE
	EndGlobalSection
	GlobalSection(ExtensibilityGlobals) = postSolution
		SolutionGuid = {8CEA45C2-9997-43E8-9274-CC96118C86ED}
	EndGlobalSection
EndGlobal
